
Microsoft Visual Studio Solution File, Format Version 12.00
# Visual Studio Version 16
VisualStudioVersion = 16.0.31105.61
MinimumVisualStudioVersion = 10.0.40219.1
Project("{9A19103F-16F7-4668-BE54-9A1E7A4F7556}") = "UUN", "UUN\UUN.csproj", "{70078A65-560D-4A9A-AC06-C5F28DF88D98}"
EndProject
Project("{9A19103F-16F7-4668-BE54-9A1E7A4F7556}") = "Common.Tools", "Common.Tools\Common.Tools.csproj", "{C16FE1B2-BF15-4194-95A3-55D0FAC5D40F}"
EndProject
Project("{9A19103F-16F7-4668-BE54-9A1E7A4F7556}") = "Humans.Earth", "Humans.Earth\Humans.Earth.csproj", "{3E61635D-9CA4-41AE-ACAD-BFE55A1D47E8}"
EndProject
Project("{FAE04EC0-301F-11D3-BF4B-00C04F79EFBC}") = "Human.Mars", "Human.Mars\Human.Mars.csproj", "{1142F662-B16C-40A8-AD91-7E3E77036752}"
EndProject
Global
	GlobalSection(SolutionConfigurationPlatforms) = preSolution
		Debug|Any CPU = Debug|Any CPU
		Release|Any CPU = Release|Any CPU
	EndGlobalSection
	GlobalSection(ProjectConfigurationPlatforms) = postSolution
		{70078A65-560D-4A9A-AC06-C5F28DF88D98}.Debug|Any CPU.ActiveCfg = Debug|Any CPU
		{70078A65-560D-4A9A-AC06-C5F28DF88D98}.Debug|Any CPU.Build.0 = Debug|Any CPU
		{70078A65-560D-4A9A-AC06-C5F28DF88D98}.Release|Any CPU.ActiveCfg = Release|Any CPU
		{70078A65-560D-4A9A-AC06-C5F28DF88D98}.Release|Any CPU.Build.0 = Release|Any CPU
		{C16FE1B2-BF15-4194-95A3-55D0FAC5D40F}.Debug|Any CPU.ActiveCfg = Debug|Any CPU
		{C16FE1B2-BF15-4194-95A3-55D0FAC5D40F}.Debug|Any CPU.Build.0 = Debug|Any CPU
		{C16FE1B2-BF15-4194-95A3-55D0FAC5D40F}.Release|Any CPU.ActiveCfg = Release|Any CPU
		{C16FE1B2-BF15-4194-95A3-55D0FAC5D40F}.Release|Any CPU.Build.0 = Release|Any CPU
		{3E61635D-9CA4-41AE-ACAD-BFE55A1D47E8}.Debug|Any CPU.ActiveCfg = Debug|Any CPU
		{3E61635D-9CA4-41AE-ACAD-BFE55A1D47E8}.Debug|Any CPU.Build.0 = Debug|Any CPU
		{3E61635D-9CA4-41AE-ACAD-BFE55A1D47E8}.Release|Any CPU.ActiveCfg = Release|Any CPU
		{3E61635D-9CA4-41AE-ACAD-BFE55A1D47E8}.Release|Any CPU.Build.0 = Release|Any CPU
		{1142F662-B16C-40A8-AD91-7E3E77036752}.Debug|Any CPU.ActiveCfg = Debug|Any CPU
		{1142F662-B16C-40A8-AD91-7E3E77036752}.Debug|Any CPU.Build.0 = Debug|Any CPU
		{1142F662-B16C-40A8-AD91-7E3E77036752}.Release|Any CPU.ActiveCfg = Release|Any CPU
		{1142F662-B16C-40A8-AD91-7E3E77036752}.Release|Any CPU.Build.0 = Release|Any CPU
	EndGlobalSection
	GlobalSection(SolutionProperties) = preSolution
		HideSolutionNode = FALSE
	EndGlobalSection
	GlobalSection(ExtensibilityGlobals) = postSolution
		SolutionGuid = {F64DA01F-10F0-4C00-96DB-90205F870DD5}
	EndGlobalSection
EndGlobal
